
Microsoft Visual Studio Solution File, Format Version 12.00
# Visual Studio Version 17
VisualStudioVersion = 17.13.35931.197 d17.13
MinimumVisualStudioVersion = 10.0.40219.1
Project("{FAE04EC0-301F-11D3-BF4B-00C04F79EFBC}") = "FormularioInscricao", "FormularioInscricao.csproj", "{C6B90D5B-EA36-4DD1-A91D-3F9248ED4A2A}"
EndProject
Global
	GlobalSection(SolutionConfigurationPlatforms) = preSolution
		Debug|Any CPU = Debug|Any CPU
		Release|Any CPU = Release|Any CPU
	EndGlobalSection
	GlobalSection(ProjectConfigurationPlatforms) = postSolution
		{C6B90D5B-EA36-4DD1-A91D-3F9248ED4A2A}.Debug|Any CPU.ActiveCfg = Debug|Any CPU
		{C6B90D5B-EA36-4DD1-A91D-3F9248ED4A2A}.Debug|Any CPU.Build.0 = Debug|Any CPU
		{C6B90D5B-EA36-4DD1-A91D-3F9248ED4A2A}.Release|Any CPU.ActiveCfg = Release|Any CPU
		{C6B90D5B-EA36-4DD1-A91D-3F9248ED4A2A}.Release|Any CPU.Build.0 = Release|Any CPU
	EndGlobalSection
	GlobalSection(SolutionProperties) = preSolution
		HideSolutionNode = FALSE
	EndGlobalSection
	GlobalSection(ExtensibilityGlobals) = postSolution
		SolutionGuid = {7A64866B-C409-4474-A9B3-2A5A9B6B68E0}
	EndGlobalSection
EndGlobal
